
Microsoft Visual Studio Solution File, Format Version 12.00
# Visual Studio Version 17
VisualStudioVersion = 17.10.35027.167
MinimumVisualStudioVersion = 10.0.40219.1
Project("{9A19103F-16F7-4668-BE54-9A1E7A4F7556}") = "MauiAppMinhasCompras", "MauiAppMinhasCompras\MauiAppMinhasCompras.csproj", "{A08AF334-0A39-4951-AAC3-112F7A8910DB}"
EndProject
Global
	GlobalSection(SolutionConfigurationPlatforms) = preSolution
		Debug|Any CPU = Debug|Any CPU
		Release|Any CPU = Release|Any CPU
	EndGlobalSection
	GlobalSection(ProjectConfigurationPlatforms) = postSolution
		{A08AF334-0A39-4951-AAC3-112F7A8910DB}.Debug|Any CPU.ActiveCfg = Debug|Any CPU
		{A08AF334-0A39-4951-AAC3-112F7A8910DB}.Debug|Any CPU.Build.0 = Debug|Any CPU
		{A08AF334-0A39-4951-AAC3-112F7A8910DB}.Debug|Any CPU.Deploy.0 = Debug|Any CPU
		{A08AF334-0A39-4951-AAC3-112F7A8910DB}.Release|Any CPU.ActiveCfg = Release|Any CPU
		{A08AF334-0A39-4951-AAC3-112F7A8910DB}.Release|Any CPU.Build.0 = Release|Any CPU
		{A08AF334-0A39-4951-AAC3-112F7A8910DB}.Release|Any CPU.Deploy.0 = Release|Any CPU
	EndGlobalSection
	GlobalSection(SolutionProperties) = preSolution
		HideSolutionNode = FALSE
	EndGlobalSection
	GlobalSection(ExtensibilityGlobals) = postSolution
		SolutionGuid = {8F8A4F24-373F-4995-B2EC-3F1E9E651692}
	EndGlobalSection
EndGlobal
